{
  "nodes": {
    "clash": {
      "inputs": {
        "flake-compat": "flake-compat",
        "flake-utils": "flake-utils",
        "ghc-tcplugins-extra": "ghc-tcplugins-extra",
        "ghc-typelits-extra": "ghc-typelits-extra",
        "ghc-typelits-knownnat": "ghc-typelits-knownnat",
        "ghc-typelits-natnormalise": "ghc-typelits-natnormalise",
        "nixpkgs": [
          "nixpkgs"
        ]
      },
      "locked": {
        "lastModified": 1701276280,
        "narHash": "sha256-L3J6ZRwT4WTz1B8RuqhcvJRWrDCSkaT01Dd4qic4CIs=",
        "owner": "clash-lang",
        "repo": "clash-compiler",
        "rev": "930641c63517cedf59dff6754230e74cfe53b136",
        "type": "github"
      },
      "original": {
        "owner": "clash-lang",
        "repo": "clash-compiler",
        "type": "github"
      }
    },
    "flake-compat": {
      "flake": false,
      "locked": {
        "lastModified": 1673956053,
        "narHash": "sha256-4gtG9iQuiKITOjNQQeQIpoIB6b16fm+504Ch3sNKLd8=",
        "owner": "edolstra",
        "repo": "flake-compat",
        "rev": "35bb57c0c8d8b62bbfd284272c928ceb64ddbde9",
        "type": "github"
      },
      "original": {
        "owner": "edolstra",
        "repo": "flake-compat",
        "type": "github"
      }
    },
    "flake-compat_2": {
      "flake": false,
      "locked": {
        "lastModified": 1696426674,
        "narHash": "sha256-kvjfFW7WAETZlt09AgDn1MrtKzP7t90Vf7vypd3OL1U=",
        "owner": "edolstra",
        "repo": "flake-compat",
        "rev": "0f9255e01c2351cc7d116c072cb317785dd33b33",
        "type": "github"
      },
      "original": {
        "owner": "edolstra",
        "repo": "flake-compat",
        "type": "github"
      }
    },
    "flake-compat_3": {
      "flake": false,
      "locked": {
        "lastModified": 1673956053,
        "narHash": "sha256-4gtG9iQuiKITOjNQQeQIpoIB6b16fm+504Ch3sNKLd8=",
        "owner": "edolstra",
        "repo": "flake-compat",
        "rev": "35bb57c0c8d8b62bbfd284272c928ceb64ddbde9",
        "type": "github"
      },
      "original": {
        "owner": "edolstra",
        "repo": "flake-compat",
        "type": "github"
      }
    },
    "flake-utils": {
      "inputs": {
        "systems": "systems"
      },
      "locked": {
        "lastModified": 1694529238,
        "narHash": "sha256-zsNZZGTGnMOf9YpHKJqMSsa0dXbfmxeoJ7xHlrt+xmY=",
        "owner": "numtide",
        "repo": "flake-utils",
        "rev": "ff7b65b44d01cf9ba6a71320833626af21126384",
        "type": "github"
      },
      "original": {
        "owner": "numtide",
        "repo": "flake-utils",
        "type": "github"
      }
    },
    "flake-utils_2": {
      "inputs": {
        "systems": "systems_2"
      },
      "locked": {
        "lastModified": 1681202837,
        "narHash": "sha256-H+Rh19JDwRtpVPAWp64F+rlEtxUWBAQW28eAi3SRSzg=",
        "owner": "numtide",
        "repo": "flake-utils",
        "rev": "cfacdce06f30d2b68473a46042957675eebb3401",
        "type": "github"
      },
      "original": {
        "owner": "numtide",
        "repo": "flake-utils",
        "type": "github"
      }
    },
    "ghc-tcplugins-extra": {
      "flake": false,
      "locked": {
        "lastModified": 1690791784,
        "narHash": "sha256-RG9UpAYOjH276sFC+XrX847WR26qVhr/KHTsEOkw3rs=",
        "owner": "clash-lang",
        "repo": "ghc-tcplugins-extra",
        "rev": "92b5215273bc219da9550799e0869ea6934648f0",
        "type": "github"
      },
      "original": {
        "owner": "clash-lang",
        "repo": "ghc-tcplugins-extra",
        "type": "github"
      }
    },
    "ghc-typelits-extra": {
      "flake": false,
      "locked": {
        "lastModified": 1690794410,
        "narHash": "sha256-Q8zXP9ZcVBkUrniBOM00tYqgGipDhbbPqkVTCrs7vYo=",
        "owner": "clash-lang",
        "repo": "ghc-typelits-extra",
        "rev": "bbe2a40d6bc640ab065dd87db74ba59e584aa9f2",
        "type": "github"
      },
      "original": {
        "owner": "clash-lang",
        "repo": "ghc-typelits-extra",
        "type": "github"
      }
    },
    "ghc-typelits-knownnat": {
      "flake": false,
      "locked": {
        "lastModified": 1690793234,
        "narHash": "sha256-Y+Qjz8r+B0hUAhRVrxddQxnJLNVKLMAz5OLsRQ5behE=",
        "owner": "clash-lang",
        "repo": "ghc-typelits-knownnat",
        "rev": "2b72c495b4158d49ef46609036b08e414bcdba5c",
        "type": "github"
      },
      "original": {
        "owner": "clash-lang",
        "repo": "ghc-typelits-knownnat",
        "type": "github"
      }
    },
    "ghc-typelits-natnormalise": {
      "flake": false,
      "locked": {
        "lastModified": 1690792488,
        "narHash": "sha256-1ZSF6FCSmh4Pd7aUEXa5VFkBibuOyE1tqbndGikO+sA=",
        "owner": "clash-lang",
        "repo": "ghc-typelits-natnormalise",
        "rev": "3289e1a25df3d7752d6734aa83ba04782d6e43cd",
        "type": "github"
      },
      "original": {
        "owner": "clash-lang",
        "repo": "ghc-typelits-natnormalise",
        "type": "github"
      }
    },
    "nixpkgs": {
      "locked": {
        "lastModified": 1702350026,
        "narHash": "sha256-A+GNZFZdfl4JdDphYKBJ5Ef1HOiFsP18vQe9mqjmUis=",
        "owner": "NixOS",
        "repo": "nixpkgs",
        "rev": "9463103069725474698139ab10f17a9d125da859",
        "type": "github"
      },
      "original": {
        "owner": "NixOS",
        "ref": "nixos-23.05",
        "repo": "nixpkgs",
        "type": "github"
      }
    },
    "nixpkgs_2": {
      "locked": {
        "lastModified": 1689605451,
        "narHash": "sha256-u2qp2k9V1smCfk6rdUcgMKvBj3G9jVvaPHyeXinjN9E=",
        "owner": "NixOS",
        "repo": "nixpkgs",
        "rev": "53657afe29748b3e462f1f892287b7e254c26d77",
        "type": "github"
      },
      "original": {
        "owner": "NixOS",
        "ref": "nixos-23.05",
        "repo": "nixpkgs",
        "type": "github"
      }
    },
    "root": {
      "inputs": {
        "clash": "clash",
        "flake-compat": "flake-compat_2",
        "nixpkgs": "nixpkgs",
        "rust-overlay": "rust-overlay"
      }
    },
    "rust-overlay": {
      "inputs": {
        "flake-utils": "flake-utils_2",
        "nixpkgs": [
          "nixpkgs"
        ]
      },
      "locked": {
        "lastModified": 1702520151,
        "narHash": "sha256-jxJWosN7hgcW+dFT8V3EBDCYUOjv5tpjEBRmlakS7tU=",
        "owner": "oxalica",
        "repo": "rust-overlay",
        "rev": "d6a1d8f80dbcda4c13993b859a3574c3dde61072",
        "type": "github"
      },
      "original": {
        "owner": "oxalica",
        "repo": "rust-overlay",
        "type": "github"
      }
    },
    "systems": {
      "locked": {
        "lastModified": 1681028828,
        "narHash": "sha256-Vy1rq5AaRuLzOxct8nz4T6wlgyUR7zLU309k9mBC768=",
        "owner": "nix-systems",
        "repo": "default",
        "rev": "da67096a3b9bf56a91d16901293e51ba5b49a27e",
        "type": "github"
      },
      "original": {
        "owner": "nix-systems",
        "repo": "default",
        "type": "github"
      }
    },
    "systems_2": {
      "locked": {
        "lastModified": 1681028828,
        "narHash": "sha256-Vy1rq5AaRuLzOxct8nz4T6wlgyUR7zLU309k9mBC768=",
        "owner": "nix-systems",
        "repo": "default",
        "rev": "da67096a3b9bf56a91d16901293e51ba5b49a27e",
        "type": "github"
      },
      "original": {
        "owner": "nix-systems",
        "repo": "default",
        "type": "github"
      }
    },
    "systems_3": {
      "locked": {
        "lastModified": 1681028828,
        "narHash": "sha256-Vy1rq5AaRuLzOxct8nz4T6wlgyUR7zLU309k9mBC768=",
        "owner": "nix-systems",
        "repo": "default",
        "rev": "da67096a3b9bf56a91d16901293e51ba5b49a27e",
        "type": "github"
      },
      "original": {
        "owner": "nix-systems",
        "repo": "default",
        "type": "github"
      }
    }
  },
  "root": "root",
  "version": 7
}
