# This file was autogenerated by Stack.
# You should not edit this file by hand.
# For more information, please see the documentation at:
#   https://docs.haskellstack.org/en/stable/lock_files

packages:
- completed:
    hackage: clash-prelude-1.6.3@sha256:77b2a171659759d9338ef4769f4f7a05a660fbe14440ef2e3e4762db5b73c5ca,16769
    pantry-tree:
      size: 13235
      sha256: 46992dcb2a68b6c4e966ca20c685e9dd998b01683767641a834ca174a01247c7
  original:
    hackage: clash-prelude-1.6.3
- completed:
    hackage: clash-lib-1.6.3@sha256:e5dd9d9b4224709ab1b0efff12f5823e77508587d90f8de931c677b5fa86d69b,13688
    pantry-tree:
      size: 22459
      sha256: bd4acb783625a8e802ff41f1f19a86fed9b93db1f08ef4d1cfb64fc20b3ca7ec
  original:
    hackage: clash-lib-1.6.3
- completed:
    hackage: clash-ghc-1.6.3@sha256:66d44c89ff92dbd418d9e971049c8ea667ef61bb69370f62ef44f1edac08c40e,9042
    pantry-tree:
      size: 3634
      sha256: e765732f01bdff54dee590b093734a9b308b5f4b26d6ebd6b658974e91602a63
  original:
    hackage: clash-ghc-1.6.3
snapshots:
- completed:
    size: 590102
    url: https://raw.githubusercontent.com/commercialhaskell/stackage-snapshots/master/lts/18/27.yaml
    sha256: 79a786674930a89301b0e908fad2822a48882f3d01486117693c377b8edffdbe
  original: lts-18.27
